
Microsoft Visual Studio Solution File, Format Version 12.00
Project("{FAE04EC0-301F-11D3-BF4B-00C04F79EFBC}") = "ConditionalStructure", "ConditionalStructure\ConditionalStructure.csproj", "{ED094742-4E23-4110-83B9-EFC24065B70C}"
EndProject
Global
	GlobalSection(SolutionConfigurationPlatforms) = preSolution
		Debug|Any CPU = Debug|Any CPU
		Release|Any CPU = Release|Any CPU
	EndGlobalSection
	GlobalSection(ProjectConfigurationPlatforms) = postSolution
		{ED094742-4E23-4110-83B9-EFC24065B70C}.Debug|Any CPU.ActiveCfg = Debug|Any CPU
		{ED094742-4E23-4110-83B9-EFC24065B70C}.Debug|Any CPU.Build.0 = Debug|Any CPU
		{ED094742-4E23-4110-83B9-EFC24065B70C}.Release|Any CPU.ActiveCfg = Release|Any CPU
		{ED094742-4E23-4110-83B9-EFC24065B70C}.Release|Any CPU.Build.0 = Release|Any CPU
	EndGlobalSection
EndGlobal
